
Microsoft Visual Studio Solution File, Format Version 12.00
# Visual Studio Version 17
VisualStudioVersion = 17.12.35514.174
MinimumVisualStudioVersion = 10.0.40219.1
Project("{2150E333-8FDC-42A3-9474-1A3956D46DE8}") = "Services", "Services", "{CF471954-7F80-47F8-A7B0-57D183AF1096}"
EndProject
Project("{2150E333-8FDC-42A3-9474-1A3956D46DE8}") = "Catalog", "Catalog", "{E7568E43-BD7C-497B-8CB1-5B3DE6B73079}"
EndProject
Project("{FAE04EC0-301F-11D3-BF4B-00C04F79EFBC}") = "Catalog.API", "Catalog\Catalog.API\Catalog.API.csproj", "{ECE68231-DD38-4656-8FBA-6A069EDAC6BF}"
EndProject
Project("{2150E333-8FDC-42A3-9474-1A3956D46DE8}") = "BuildingBlocks", "BuildingBlocks", "{027AAAE4-2373-4B44-A2E1-1760460C35B9}"
EndProject
Project("{FAE04EC0-301F-11D3-BF4B-00C04F79EFBC}") = "BuildingBlocks", "BuildingBlocks\BuildingBlocks\BuildingBlocks.csproj", "{237ADFE6-C9B5-4034-8829-3A0BA4103027}"
EndProject
Project("{E53339B2-1760-4266-BCC7-CA923CBCF16C}") = "docker-compose", "docker-compose.dcproj", "{47331DEE-EDDE-400D-80F7-1AE42EB58A2E}"
EndProject
Global
	GlobalSection(SolutionConfigurationPlatforms) = preSolution
		Debug|Any CPU = Debug|Any CPU
		Release|Any CPU = Release|Any CPU
	EndGlobalSection
	GlobalSection(ProjectConfigurationPlatforms) = postSolution
		{ECE68231-DD38-4656-8FBA-6A069EDAC6BF}.Debug|Any CPU.ActiveCfg = Debug|Any CPU
		{ECE68231-DD38-4656-8FBA-6A069EDAC6BF}.Debug|Any CPU.Build.0 = Debug|Any CPU
		{ECE68231-DD38-4656-8FBA-6A069EDAC6BF}.Release|Any CPU.ActiveCfg = Release|Any CPU
		{ECE68231-DD38-4656-8FBA-6A069EDAC6BF}.Release|Any CPU.Build.0 = Release|Any CPU
		{237ADFE6-C9B5-4034-8829-3A0BA4103027}.Debug|Any CPU.ActiveCfg = Debug|Any CPU
		{237ADFE6-C9B5-4034-8829-3A0BA4103027}.Debug|Any CPU.Build.0 = Debug|Any CPU
		{237ADFE6-C9B5-4034-8829-3A0BA4103027}.Release|Any CPU.ActiveCfg = Release|Any CPU
		{237ADFE6-C9B5-4034-8829-3A0BA4103027}.Release|Any CPU.Build.0 = Release|Any CPU
		{47331DEE-EDDE-400D-80F7-1AE42EB58A2E}.Debug|Any CPU.ActiveCfg = Debug|Any CPU
		{47331DEE-EDDE-400D-80F7-1AE42EB58A2E}.Debug|Any CPU.Build.0 = Debug|Any CPU
		{47331DEE-EDDE-400D-80F7-1AE42EB58A2E}.Release|Any CPU.ActiveCfg = Release|Any CPU
		{47331DEE-EDDE-400D-80F7-1AE42EB58A2E}.Release|Any CPU.Build.0 = Release|Any CPU
	EndGlobalSection
	GlobalSection(SolutionProperties) = preSolution
		HideSolutionNode = FALSE
	EndGlobalSection
	GlobalSection(NestedProjects) = preSolution
		{E7568E43-BD7C-497B-8CB1-5B3DE6B73079} = {CF471954-7F80-47F8-A7B0-57D183AF1096}
		{ECE68231-DD38-4656-8FBA-6A069EDAC6BF} = {E7568E43-BD7C-497B-8CB1-5B3DE6B73079}
		{027AAAE4-2373-4B44-A2E1-1760460C35B9} = {CF471954-7F80-47F8-A7B0-57D183AF1096}
		{237ADFE6-C9B5-4034-8829-3A0BA4103027} = {027AAAE4-2373-4B44-A2E1-1760460C35B9}
	EndGlobalSection
EndGlobal
